// !$*UTF8*$!
{
	archiveVersion = 1;
	classes = {
	};
	objectVersion = 46;
	objects = {

/* Begin PBXBuildFile section */
		4C3DFA5F2A6A132F00D51E7D /* MPCWalletService.swift in Sources */ = {isa = PBXBuildFile; fileRef = 4C3DFA512A6A132F00D51E7D /* MPCWalletService.swift */; };
		4C3DFA602A6A132F00D51E7D /* MPCSdk.swift in Sources */ = {isa = PBXBuildFile; fileRef = 4C3DFA572A6A132F00D51E7D /* MPCSdk.swift */; };
		4C3DFA612A6A132F00D51E7D /* MPCSdkBridge.m in Sources */ = {isa = PBXBuildFile; fileRef = 4C3DFA582A6A132F00D51E7D /* MPCSdkBridge.m */; };
		4C3DFA622A6A132F00D51E7D /* PoolServiceBridge.m in Sources */ = {isa = PBXBuildFile; fileRef = 4C3DFA592A6A132F00D51E7D /* PoolServiceBridge.m */; };
		4C3DFA632A6A132F00D51E7D /* MPCWalletServiceBridge.m in Sources */ = {isa = PBXBuildFile; fileRef = 4C3DFA5A2A6A132F00D51E7D /* MPCWalletServiceBridge.m */; };
		4C3DFA642A6A132F00D51E7D /* MPCKeyServiceBridge.m in Sources */ = {isa = PBXBuildFile; fileRef = 4C3DFA5B2A6A132F00D51E7D /* MPCKeyServiceBridge.m */; };
		4C3DFA652A6A132F00D51E7D /* MPCKeyService.swift in Sources */ = {isa = PBXBuildFile; fileRef = 4C3DFA5C2A6A132F00D51E7D /* MPCKeyService.swift */; };
		4C3DFA662A6A132F00D51E7D /* PoolService.swift in Sources */ = {isa = PBXBuildFile; fileRef = 4C3DFA5D2A6A132F00D51E7D /* PoolService.swift */; };
		61AF07C1AFAB656399EF1CA1 /* Pods_WaasSdkReactNative.framework in Frameworks */ = {isa = PBXBuildFile; fileRef = 0512DA0688FDEC5DF49371A8 /* Pods_WaasSdkReactNative.framework */; };
/* End PBXBuildFile section */

/* Begin PBXCopyFilesBuildPhase section */
		58B511D91A9E6C8500147676 /* CopyFiles */ = {
			isa = PBXCopyFilesBuildPhase;
			buildActionMask = 2147483647;
			dstPath = "include/$(PRODUCT_NAME)";
			dstSubfolderSpec = 16;
			files = (
			);
			runOnlyForDeploymentPostprocessing = 0;
		};
/* End PBXCopyFilesBuildPhase section */

/* Begin PBXFileReference section */
		0512DA0688FDEC5DF49371A8 /* Pods_WaasSdkReactNative.framework */ = {isa = PBXFileReference; explicitFileType = wrapper.framework; includeInIndex = 0; path = Pods_WaasSdkReactNative.framework; sourceTree = BUILT_PRODUCTS_DIR; };
		134814201AA4EA6300B7C361 /* libWaasSdkReactNative.a */ = {isa = PBXFileReference; explicitFileType = archive.ar; includeInIndex = 0; path = libWaasSdkReactNative.a; sourceTree = BUILT_PRODUCTS_DIR; };
		4C3DFA512A6A132F00D51E7D /* MPCWalletService.swift */ = {isa = PBXFileReference; fileEncoding = 4; lastKnownFileType = sourcecode.swift; path = MPCWalletService.swift; sourceTree = "<group>"; };
		4C3DFA532A6A132F00D51E7D /* WaasSdk.xcworkspace */ = {isa = PBXFileReference; lastKnownFileType = wrapper.workspace; path = WaasSdk.xcworkspace; sourceTree = "<group>"; };
		4C3DFA542A6A132F00D51E7D /* Podfile.lock */ = {isa = PBXFileReference; fileEncoding = 4; lastKnownFileType = text; path = Podfile.lock; sourceTree = "<group>"; };
		4C3DFA552A6A132F00D51E7D /* WaasSdkGo.textClipping */ = {isa = PBXFileReference; lastKnownFileType = file.bplist; path = WaasSdkGo.textClipping; sourceTree = "<group>"; };
		4C3DFA562A6A132F00D51E7D /* WaasSdkReactNative-Bridging-Header.h */ = {isa = PBXFileReference; fileEncoding = 4; lastKnownFileType = sourcecode.c.h; path = "WaasSdkReactNative-Bridging-Header.h"; sourceTree = "<group>"; };
		4C3DFA572A6A132F00D51E7D /* MPCSdk.swift */ = {isa = PBXFileReference; fileEncoding = 4; lastKnownFileType = sourcecode.swift; path = MPCSdk.swift; sourceTree = "<group>"; };
		4C3DFA582A6A132F00D51E7D /* MPCSdkBridge.m */ = {isa = PBXFileReference; fileEncoding = 4; lastKnownFileType = sourcecode.c.objc; path = MPCSdkBridge.m; sourceTree = "<group>"; };
		4C3DFA592A6A132F00D51E7D /* PoolServiceBridge.m */ = {isa = PBXFileReference; fileEncoding = 4; lastKnownFileType = sourcecode.c.objc; path = PoolServiceBridge.m; sourceTree = "<group>"; };
		4C3DFA5A2A6A132F00D51E7D /* MPCWalletServiceBridge.m */ = {isa = PBXFileReference; fileEncoding = 4; lastKnownFileType = sourcecode.c.objc; path = MPCWalletServiceBridge.m; sourceTree = "<group>"; };
		4C3DFA5B2A6A132F00D51E7D /* MPCKeyServiceBridge.m */ = {isa = PBXFileReference; fileEncoding = 4; lastKnownFileType = sourcecode.c.objc; path = MPCKeyServiceBridge.m; sourceTree = "<group>"; };
		4C3DFA5C2A6A132F00D51E7D /* MPCKeyService.swift */ = {isa = PBXFileReference; fileEncoding = 4; lastKnownFileType = sourcecode.swift; path = MPCKeyService.swift; sourceTree = "<group>"; };
		4C3DFA5D2A6A132F00D51E7D /* PoolService.swift */ = {isa = PBXFileReference; fileEncoding = 4; lastKnownFileType = sourcecode.swift; path = PoolService.swift; sourceTree = "<group>"; };
		4C3DFA5E2A6A132F00D51E7D /* Podfile */ = {isa = PBXFileReference; fileEncoding = 4; lastKnownFileType = text; path = Podfile; sourceTree = "<group>"; };
		4C3DFA672A6A1D9400D51E7D /* Operation.swift */ = {isa = PBXFileReference; lastKnownFileType = sourcecode.swift; path = Operation.swift; sourceTree = "<group>"; };
		7792E8EBBD099BEC4F23CD92 /* Pods-WaasSdkReactNative.debug.xcconfig */ = {isa = PBXFileReference; includeInIndex = 1; lastKnownFileType = text.xcconfig; name = "Pods-WaasSdkReactNative.debug.xcconfig"; path = "Target Support Files/Pods-WaasSdkReactNative/Pods-WaasSdkReactNative.debug.xcconfig"; sourceTree = "<group>"; };
		B89182CB951AD1873380A00B /* Pods-WaasSdkReactNative.release.xcconfig */ = {isa = PBXFileReference; includeInIndex = 1; lastKnownFileType = text.xcconfig; name = "Pods-WaasSdkReactNative.release.xcconfig"; path = "Target Support Files/Pods-WaasSdkReactNative/Pods-WaasSdkReactNative.release.xcconfig"; sourceTree = "<group>"; };
/* End PBXFileReference section */

/* Begin PBXFrameworksBuildPhase section */
		58B511D81A9E6C8500147676 /* Frameworks */ = {
			isa = PBXFrameworksBuildPhase;
			buildActionMask = 2147483647;
			files = (
				61AF07C1AFAB656399EF1CA1 /* Pods_WaasSdkReactNative.framework in Frameworks */,
			);
			runOnlyForDeploymentPostprocessing = 0;
		};
/* End PBXFrameworksBuildPhase section */

/* Begin PBXGroup section */
		134814211AA4EA7D00B7C361 /* Products */ = {
			isa = PBXGroup;
			children = (
				134814201AA4EA6300B7C361 /* libWaasSdkReactNative.a */,
			);
			name = Products;
			sourceTree = "<group>";
		};
		3439C229FAD510872D89C48E /* Frameworks */ = {
			isa = PBXGroup;
			children = (
				0512DA0688FDEC5DF49371A8 /* Pods_WaasSdkReactNative.framework */,
			);
			name = Frameworks;
			sourceTree = "<group>";
		};
		58B511D21A9E6C8500147676 = {
			isa = PBXGroup;
			children = (
				4C3DFA672A6A1D9400D51E7D /* Operation.swift */,
				4C3DFA5C2A6A132F00D51E7D /* MPCKeyService.swift */,
				4C3DFA5B2A6A132F00D51E7D /* MPCKeyServiceBridge.m */,
				4C3DFA572A6A132F00D51E7D /* MPCSdk.swift */,
				4C3DFA582A6A132F00D51E7D /* MPCSdkBridge.m */,
				4C3DFA512A6A132F00D51E7D /* MPCWalletService.swift */,
				4C3DFA5A2A6A132F00D51E7D /* MPCWalletServiceBridge.m */,
				4C3DFA5E2A6A132F00D51E7D /* Podfile */,
				4C3DFA542A6A132F00D51E7D /* Podfile.lock */,
				4C3DFA5D2A6A132F00D51E7D /* PoolService.swift */,
				4C3DFA592A6A132F00D51E7D /* PoolServiceBridge.m */,
				4C3DFA532A6A132F00D51E7D /* WaasSdk.xcworkspace */,
				4C3DFA552A6A132F00D51E7D /* WaasSdkGo.textClipping */,
				4C3DFA562A6A132F00D51E7D /* WaasSdkReactNative-Bridging-Header.h */,
				134814211AA4EA7D00B7C361 /* Products */,
				3439C229FAD510872D89C48E /* Frameworks */,
				B60DE99602A71E9F5EE977B5 /* Pods */,
			);
			sourceTree = "<group>";
		};
		B60DE99602A71E9F5EE977B5 /* Pods */ = {
			isa = PBXGroup;
			children = (
				7792E8EBBD099BEC4F23CD92 /* Pods-WaasSdkReactNative.debug.xcconfig */,
				B89182CB951AD1873380A00B /* Pods-WaasSdkReactNative.release.xcconfig */,
			);
			name = Pods;
			path = Pods;
			sourceTree = "<group>";
		};
/* End PBXGroup section */

/* Begin PBXNativeTarget section */
		58B511DA1A9E6C8500147676 /* WaasSdkReactNative */ = {
			isa = PBXNativeTarget;
			buildConfigurationList = 58B511EF1A9E6C8500147676 /* Build configuration list for PBXNativeTarget "WaasSdkReactNative" */;
			buildPhases = (
				36BA5B4ADA9B4587F3FC24FC /* [CP] Check Pods Manifest.lock */,
				58B511D71A9E6C8500147676 /* Sources */,
				58B511D81A9E6C8500147676 /* Frameworks */,
				58B511D91A9E6C8500147676 /* CopyFiles */,
			);
			buildRules = (
			);
			dependencies = (
			);
			name = WaasSdkReactNative;
			productName = RCTDataManager;
			productReference = 134814201AA4EA6300B7C361 /* libWaasSdkReactNative.a */;
			productType = "com.apple.product-type.library.static";
		};
/* End PBXNativeTarget section */

/* Begin PBXProject section */
		58B511D31A9E6C8500147676 /* Project object */ = {
			isa = PBXProject;
			attributes = {
				LastUpgradeCheck = 0920;
				ORGANIZATIONNAME = Facebook;
				TargetAttributes = {
					58B511DA1A9E6C8500147676 = {
						CreatedOnToolsVersion = 6.1.1;
					};
				};
			};
			buildConfigurationList = 58B511D61A9E6C8500147676 /* Build configuration list for PBXProject "WaasSdkReactNative" */;
			compatibilityVersion = "Xcode 3.2";
			developmentRegion = English;
			hasScannedForEncodings = 0;
			knownRegions = (
				English,
				en,
			);
			mainGroup = 58B511D21A9E6C8500147676;
			productRefGroup = 58B511D21A9E6C8500147676;
			projectDirPath = "";
			projectRoot = "";
			targets = (
				58B511DA1A9E6C8500147676 /* WaasSdkReactNative */,
			);
		};
/* End PBXProject section */

/* Begin PBXShellScriptBuildPhase section */
		36BA5B4ADA9B4587F3FC24FC /* [CP] Check Pods Manifest.lock */ = {
			isa = PBXShellScriptBuildPhase;
			buildActionMask = 2147483647;
			files = (
			);
			inputFileListPaths = (
			);
			inputPaths = (
				"${PODS_PODFILE_DIR_PATH}/Podfile.lock",
				"${PODS_ROOT}/Manifest.lock",
			);
			name = "[CP] Check Pods Manifest.lock";
			outputFileListPaths = (
			);
			outputPaths = (
				"$(DERIVED_FILE_DIR)/Pods-WaasSdkReactNative-checkManifestLockResult.txt",
			);
			runOnlyForDeploymentPostprocessing = 0;
			shellPath = /bin/sh;
			shellScript = "diff \"${PODS_PODFILE_DIR_PATH}/Podfile.lock\" \"${PODS_ROOT}/Manifest.lock\" > /dev/null\nif [ $? != 0 ] ; then\n    # print error to STDERR\n    echo \"error: The sandbox is not in sync with the Podfile.lock. Run 'pod install' or update your CocoaPods installation.\" >&2\n    exit 1\nfi\n# This output is used by Xcode 'outputs' to avoid re-running this script phase.\necho \"SUCCESS\" > \"${SCRIPT_OUTPUT_FILE_0}\"\n";
			showEnvVarsInLog = 0;
		};
/* End PBXShellScriptBuildPhase section */

/* Begin PBXSourcesBuildPhase section */
		58B511D71A9E6C8500147676 /* Sources */ = {
			isa = PBXSourcesBuildPhase;
			buildActionMask = 2147483647;
			files = (
				4C3DFA612A6A132F00D51E7D /* MPCSdkBridge.m in Sources */,
				4C3DFA5F2A6A132F00D51E7D /* MPCWalletService.swift in Sources */,
				4C3DFA652A6A132F00D51E7D /* MPCKeyService.swift in Sources */,
				4C3DFA622A6A132F00D51E7D /* PoolServiceBridge.m in Sources */,
				4C3DFA642A6A132F00D51E7D /* MPCKeyServiceBridge.m in Sources */,
				4C3DFA602A6A132F00D51E7D /* MPCSdk.swift in Sources */,
				4C3DFA632A6A132F00D51E7D /* MPCWalletServiceBridge.m in Sources */,
				4C3DFA662A6A132F00D51E7D /* PoolService.swift in Sources */,
			);
			runOnlyForDeploymentPostprocessing = 0;
		};
/* End PBXSourcesBuildPhase section */

/* Begin XCBuildConfiguration section */
		58B511ED1A9E6C8500147676 /* Debug */ = {
			isa = XCBuildConfiguration;
			buildSettings = {
				ALWAYS_SEARCH_USER_PATHS = NO;
				CLANG_CXX_LANGUAGE_STANDARD = "gnu++0x";
				CLANG_CXX_LIBRARY = "libc++";
				CLANG_ENABLE_MODULES = YES;
				CLANG_ENABLE_OBJC_ARC = YES;
				CLANG_WARN_BLOCK_CAPTURE_AUTORELEASING = YES;
				CLANG_WARN_BOOL_CONVERSION = YES;
				CLANG_WARN_COMMA = YES;
				CLANG_WARN_CONSTANT_CONVERSION = YES;
				CLANG_WARN_DIRECT_OBJC_ISA_USAGE = YES_ERROR;
				CLANG_WARN_EMPTY_BODY = YES;
				CLANG_WARN_ENUM_CONVERSION = YES;
				CLANG_WARN_INFINITE_RECURSION = YES;
				CLANG_WARN_INT_CONVERSION = YES;
				CLANG_WARN_NON_LITERAL_NULL_CONVERSION = YES;
				CLANG_WARN_OBJC_LITERAL_CONVERSION = YES;
				CLANG_WARN_OBJC_ROOT_CLASS = YES_ERROR;
				CLANG_WARN_RANGE_LOOP_ANALYSIS = YES;
				CLANG_WARN_STRICT_PROTOTYPES = YES;
				CLANG_WARN_SUSPICIOUS_MOVE = YES;
				CLANG_WARN_UNREACHABLE_CODE = YES;
				CLANG_WARN__DUPLICATE_METHOD_MATCH = YES;
				COPY_PHASE_STRIP = NO;
				ENABLE_STRICT_OBJC_MSGSEND = YES;
				ENABLE_TESTABILITY = YES;
				"EXCLUDED_ARCHS[sdk=*]" = arm64;
				GCC_C_LANGUAGE_STANDARD = gnu99;
				GCC_DYNAMIC_NO_PIC = NO;
				GCC_NO_COMMON_BLOCKS = YES;
				GCC_OPTIMIZATION_LEVEL = 0;
				GCC_PREPROCESSOR_DEFINITIONS = (
					"DEBUG=1",
					"$(inherited)",
				);
				GCC_SYMBOLS_PRIVATE_EXTERN = NO;
				GCC_WARN_64_TO_32_BIT_CONVERSION = YES;
				GCC_WARN_ABOUT_RETURN_TYPE = YES_ERROR;
				GCC_WARN_UNDECLARED_SELECTOR = YES;
				GCC_WARN_UNINITIALIZED_AUTOS = YES_AGGRESSIVE;
				GCC_WARN_UNUSED_FUNCTION = YES;
				GCC_WARN_UNUSED_VARIABLE = YES;
				IPHONEOS_DEPLOYMENT_TARGET = 8.0;
				MTL_ENABLE_DEBUG_INFO = YES;
				ONLY_ACTIVE_ARCH = YES;
				SDKROOT = iphoneos;
			};
			name = Debug;
		};
		58B511EE1A9E6C8500147676 /* Release */ = {
			isa = XCBuildConfiguration;
			buildSettings = {
				ALWAYS_SEARCH_USER_PATHS = NO;
				CLANG_CXX_LANGUAGE_STANDARD = "gnu++0x";
				CLANG_CXX_LIBRARY = "libc++";
				CLANG_ENABLE_MODULES = YES;
				CLANG_ENABLE_OBJC_ARC = YES;
				CLANG_WARN_BLOCK_CAPTURE_AUTORELEASING = YES;
				CLANG_WARN_BOOL_CONVERSION = YES;
				CLANG_WARN_COMMA = YES;
				CLANG_WARN_CONSTANT_CONVERSION = YES;
				CLANG_WARN_DIRECT_OBJC_ISA_USAGE = YES_ERROR;
				CLANG_WARN_EMPTY_BODY = YES;
				CLANG_WARN_ENUM_CONVERSION = YES;
				CLANG_WARN_INFINITE_RECURSION = YES;
				CLANG_WARN_INT_CONVERSION = YES;
				CLANG_WARN_NON_LITERAL_NULL_CONVERSION = YES;
				CLANG_WARN_OBJC_LITERAL_CONVERSION = YES;
				CLANG_WARN_OBJC_ROOT_CLASS = YES_ERROR;
				CLANG_WARN_RANGE_LOOP_ANALYSIS = YES;
				CLANG_WARN_STRICT_PROTOTYPES = YES;
				CLANG_WARN_SUSPICIOUS_MOVE = YES;
				CLANG_WARN_UNREACHABLE_CODE = YES;
				CLANG_WARN__DUPLICATE_METHOD_MATCH = YES;
				COPY_PHASE_STRIP = YES;
				ENABLE_NS_ASSERTIONS = NO;
				ENABLE_STRICT_OBJC_MSGSEND = YES;
				"EXCLUDED_ARCHS[sdk=*]" = arm64;
				GCC_C_LANGUAGE_STANDARD = gnu99;
				GCC_NO_COMMON_BLOCKS = YES;
				GCC_WARN_64_TO_32_BIT_CONVERSION = YES;
				GCC_WARN_ABOUT_RETURN_TYPE = YES_ERROR;
				GCC_WARN_UNDECLARED_SELECTOR = YES;
				GCC_WARN_UNINITIALIZED_AUTOS = YES_AGGRESSIVE;
				GCC_WARN_UNUSED_FUNCTION = YES;
				GCC_WARN_UNUSED_VARIABLE = YES;
				IPHONEOS_DEPLOYMENT_TARGET = 8.0;
				MTL_ENABLE_DEBUG_INFO = NO;
				SDKROOT = iphoneos;
				VALIDATE_PRODUCT = YES;
			};
			name = Release;
		};
		58B511F01A9E6C8500147676 /* Debug */ = {
			isa = XCBuildConfiguration;
			baseConfigurationReference = 7792E8EBBD099BEC4F23CD92 /* Pods-WaasSdkReactNative.debug.xcconfig */;
			buildSettings = {
				HEADER_SEARCH_PATHS = (
					"$(inherited)",
					/Applications/Xcode.app/Contents/Developer/Toolchains/XcodeDefault.xctoolchain/usr/include,
					"$(SRCROOT)/../../../React/**",
					"$(SRCROOT)/../../react-native/React/**",
				);
				LIBRARY_SEARCH_PATHS = "$(inherited)";
				OTHER_LDFLAGS = "-ObjC";
				PRODUCT_NAME = WaasSdkReactNative;
				SKIP_INSTALL = YES;
				SWIFT_OBJC_BRIDGING_HEADER = "WaasSdkReactNative-Bridging-Header.h";
				SWIFT_OPTIMIZATION_LEVEL = "-Onone";
				SWIFT_VERSION = 5.0;
			};
			name = Debug;
		};
		58B511F11A9E6C8500147676 /* Release */ = {
			isa = XCBuildConfiguration;
			baseConfigurationReference = B89182CB951AD1873380A00B /* Pods-WaasSdkReactNative.release.xcconfig */;
			buildSettings = {
				HEADER_SEARCH_PATHS = (
					"$(inherited)",
					/Applications/Xcode.app/Contents/Developer/Toolchains/XcodeDefault.xctoolchain/usr/include,
					"$(SRCROOT)/../../../React/**",
					"$(SRCROOT)/../../react-native/React/**",
				);
				LIBRARY_SEARCH_PATHS = "$(inherited)";
				OTHER_LDFLAGS = "-ObjC";
				PRODUCT_NAME = WaasSdkReactNative;
				SKIP_INSTALL = YES;
				SWIFT_OBJC_BRIDGING_HEADER = "WaasSdkReactNative-Bridging-Header.h";
				SWIFT_VERSION = 5.0;
			};
			name = Release;
		};
/* End XCBuildConfiguration section */

/* Begin XCConfigurationList section */
		58B511D61A9E6C8500147676 /* Build configuration list for PBXProject "WaasSdkReactNative" */ = {
			isa = XCConfigurationList;
			buildConfigurations = (
				58B511ED1A9E6C8500147676 /* Debug */,
				58B511EE1A9E6C8500147676 /* Release */,
			);
			defaultConfigurationIsVisible = 0;
			defaultConfigurationName = Release;
		};
		58B511EF1A9E6C8500147676 /* Build configuration list for PBXNativeTarget "WaasSdkReactNative" */ = {
			isa = XCConfigurationList;
			buildConfigurations = (
				58B511F01A9E6C8500147676 /* Debug */,
				58B511F11A9E6C8500147676 /* Release */,
			);
			defaultConfigurationIsVisible = 0;
			defaultConfigurationName = Release;
		};
/* End XCConfigurationList section */
	};
	rootObject = 58B511D31A9E6C8500147676 /* Project object */;
}
