// !$*UTF8*$!
{
	archiveVersion = 1;
	classes = {
	};
	objectVersion = 56;
	objects = {

/* Begin PBXBuildFile section */
		4C54C3F12A69C54100545269 /* WaasSdk.h in Headers */ = {isa = PBXBuildFile; fileRef = 4C54C3F02A69C54100545269 /* WaasSdk.h */; settings = {ATTRIBUTES = (Public, ); }; };
		4C54C4012A69C58C00545269 /* PoolService.swift in Sources */ = {isa = PBXBuildFile; fileRef = 4C54C3F72A69C58C00545269 /* PoolService.swift */; };
		4C54C4032A69C58C00545269 /* MPCKeyService.swift in Sources */ = {isa = PBXBuildFile; fileRef = 4C54C3F92A69C58C00545269 /* MPCKeyService.swift */; };
		4C54C4072A69C58C00545269 /* MPCWalletService.swift in Sources */ = {isa = PBXBuildFile; fileRef = 4C54C3FD2A69C58C00545269 /* MPCWalletService.swift */; };
		4C54C4082A69C58C00545269 /* MPCSdk.swift in Sources */ = {isa = PBXBuildFile; fileRef = 4C54C3FE2A69C58C00545269 /* MPCSdk.swift */; };
		4C54C40A2A69C58C00545269 /* WaasSdkGo.textClipping in Resources */ = {isa = PBXBuildFile; fileRef = 4C54C4002A69C58C00545269 /* WaasSdkGo.textClipping */; };
		4C54C40C2A69C7C000545269 /* Gomobile.swift in Sources */ = {isa = PBXBuildFile; fileRef = 4C54C40B2A69C7C000545269 /* Gomobile.swift */; };
		4C54C40F2A69C8BF00545269 /* WaasSdkGo.xcframework in Frameworks */ = {isa = PBXBuildFile; fileRef = 4C54C40E2A69C8BF00545269 /* WaasSdkGo.xcframework */; };
		4C54C4132A69CAED00545269 /* WaasError.swift in Sources */ = {isa = PBXBuildFile; fileRef = 4C54C4122A69CAED00545269 /* WaasError.swift */; };
		B1DDD97303751744CC91297C /* Pods_WaasSdk.framework in Frameworks */ = {isa = PBXBuildFile; fileRef = 86115EF5DA134F71FC389ECF /* Pods_WaasSdk.framework */; };
/* End PBXBuildFile section */

/* Begin PBXFileReference section */
		13B4F7ECE157014B11CEA0FA /* Pods-WaasSdk.release.xcconfig */ = {isa = PBXFileReference; includeInIndex = 1; lastKnownFileType = text.xcconfig; name = "Pods-WaasSdk.release.xcconfig"; path = "Target Support Files/Pods-WaasSdk/Pods-WaasSdk.release.xcconfig"; sourceTree = "<group>"; };
		386707A6D40185B633E9750A /* Pods-WaasSdk.debug.xcconfig */ = {isa = PBXFileReference; includeInIndex = 1; lastKnownFileType = text.xcconfig; name = "Pods-WaasSdk.debug.xcconfig"; path = "Target Support Files/Pods-WaasSdk/Pods-WaasSdk.debug.xcconfig"; sourceTree = "<group>"; };
		4C54C3ED2A69C54100545269 /* WaasSdk.framework */ = {isa = PBXFileReference; explicitFileType = wrapper.framework; includeInIndex = 0; path = WaasSdk.framework; sourceTree = BUILT_PRODUCTS_DIR; };
		4C54C3F02A69C54100545269 /* WaasSdk.h */ = {isa = PBXFileReference; lastKnownFileType = sourcecode.c.h; path = WaasSdk.h; sourceTree = "<group>"; };
		4C54C3F72A69C58C00545269 /* PoolService.swift */ = {isa = PBXFileReference; fileEncoding = 4; lastKnownFileType = sourcecode.swift; path = PoolService.swift; sourceTree = "<group>"; };
		4C54C3F92A69C58C00545269 /* MPCKeyService.swift */ = {isa = PBXFileReference; fileEncoding = 4; lastKnownFileType = sourcecode.swift; path = MPCKeyService.swift; sourceTree = "<group>"; };
		4C54C3FD2A69C58C00545269 /* MPCWalletService.swift */ = {isa = PBXFileReference; fileEncoding = 4; lastKnownFileType = sourcecode.swift; path = MPCWalletService.swift; sourceTree = "<group>"; };
		4C54C3FE2A69C58C00545269 /* MPCSdk.swift */ = {isa = PBXFileReference; fileEncoding = 4; lastKnownFileType = sourcecode.swift; path = MPCSdk.swift; sourceTree = "<group>"; };
		4C54C4002A69C58C00545269 /* WaasSdkGo.textClipping */ = {isa = PBXFileReference; lastKnownFileType = file.bplist; path = WaasSdkGo.textClipping; sourceTree = "<group>"; };
		4C54C40B2A69C7C000545269 /* Gomobile.swift */ = {isa = PBXFileReference; lastKnownFileType = sourcecode.swift; path = Gomobile.swift; sourceTree = "<group>"; };
		4C54C40E2A69C8BF00545269 /* WaasSdkGo.xcframework */ = {isa = PBXFileReference; lastKnownFileType = wrapper.xcframework; path = WaasSdkGo.xcframework; sourceTree = "<group>"; };
		4C54C4122A69CAED00545269 /* WaasError.swift */ = {isa = PBXFileReference; lastKnownFileType = sourcecode.swift; path = WaasError.swift; sourceTree = "<group>"; };
		86115EF5DA134F71FC389ECF /* Pods_WaasSdk.framework */ = {isa = PBXFileReference; explicitFileType = wrapper.framework; includeInIndex = 0; path = Pods_WaasSdk.framework; sourceTree = BUILT_PRODUCTS_DIR; };
/* End PBXFileReference section */

/* Begin PBXFrameworksBuildPhase section */
		4C54C3EA2A69C54100545269 /* Frameworks */ = {
			isa = PBXFrameworksBuildPhase;
			buildActionMask = 2147483647;
			files = (
				4C54C40F2A69C8BF00545269 /* WaasSdkGo.xcframework in Frameworks */,
				B1DDD97303751744CC91297C /* Pods_WaasSdk.framework in Frameworks */,
			);
			runOnlyForDeploymentPostprocessing = 0;
		};
/* End PBXFrameworksBuildPhase section */

/* Begin PBXGroup section */
		4C54C3E32A69C54100545269 = {
			isa = PBXGroup;
			children = (
				4C54C3EF2A69C54100545269 /* WaasSdk */,
				4C54C3EE2A69C54100545269 /* Products */,
				4C54C40D2A69C8BF00545269 /* Frameworks */,
				7B6365511BD62B06832CF774 /* Pods */,
			);
			sourceTree = "<group>";
		};
		4C54C3EE2A69C54100545269 /* Products */ = {
			isa = PBXGroup;
			children = (
				4C54C3ED2A69C54100545269 /* WaasSdk.framework */,
			);
			name = Products;
			sourceTree = "<group>";
		};
		4C54C3EF2A69C54100545269 /* WaasSdk */ = {
			isa = PBXGroup;
			children = (
				4C54C3F02A69C54100545269 /* WaasSdk.h */,
				4C54C4122A69CAED00545269 /* WaasError.swift */,
				4C54C3F92A69C58C00545269 /* MPCKeyService.swift */,
				4C54C3FE2A69C58C00545269 /* MPCSdk.swift */,
				4C54C3FD2A69C58C00545269 /* MPCWalletService.swift */,
				4C54C3F72A69C58C00545269 /* PoolService.swift */,
				4C54C4002A69C58C00545269 /* WaasSdkGo.textClipping */,
				4C54C40B2A69C7C000545269 /* Gomobile.swift */,
			);
			path = WaasSdk;
			sourceTree = "<group>";
		};
		4C54C40D2A69C8BF00545269 /* Frameworks */ = {
			isa = PBXGroup;
			children = (
				4C54C40E2A69C8BF00545269 /* WaasSdkGo.xcframework */,
				86115EF5DA134F71FC389ECF /* Pods_WaasSdk.framework */,
			);
			name = Frameworks;
			sourceTree = "<group>";
		};
		7B6365511BD62B06832CF774 /* Pods */ = {
			isa = PBXGroup;
			children = (
				386707A6D40185B633E9750A /* Pods-WaasSdk.debug.xcconfig */,
				13B4F7ECE157014B11CEA0FA /* Pods-WaasSdk.release.xcconfig */,
			);
			path = Pods;
			sourceTree = "<group>";
		};
/* End PBXGroup section */

/* Begin PBXHeadersBuildPhase section */
		4C54C3E82A69C54100545269 /* Headers */ = {
			isa = PBXHeadersBuildPhase;
			buildActionMask = 2147483647;
			files = (
				4C54C3F12A69C54100545269 /* WaasSdk.h in Headers */,
			);
			runOnlyForDeploymentPostprocessing = 0;
		};
/* End PBXHeadersBuildPhase section */

/* Begin PBXNativeTarget section */
		4C54C3EC2A69C54100545269 /* WaasSdk */ = {
			isa = PBXNativeTarget;
			buildConfigurationList = 4C54C3F42A69C54100545269 /* Build configuration list for PBXNativeTarget "WaasSdk" */;
			buildPhases = (
				DBD26E4A86FB05CFCD41DE1C /* [CP] Check Pods Manifest.lock */,
				4C54C3E82A69C54100545269 /* Headers */,
				4C54C3E92A69C54100545269 /* Sources */,
				4C54C3EA2A69C54100545269 /* Frameworks */,
				4C54C3EB2A69C54100545269 /* Resources */,
			);
			buildRules = (
			);
			dependencies = (
			);
			name = WaasSdk;
			productName = WaasSdk;
			productReference = 4C54C3ED2A69C54100545269 /* WaasSdk.framework */;
			productType = "com.apple.product-type.framework";
		};
/* End PBXNativeTarget section */

/* Begin PBXProject section */
		4C54C3E42A69C54100545269 /* Project object */ = {
			isa = PBXProject;
			attributes = {
				BuildIndependentTargetsInParallel = 1;
				LastUpgradeCheck = 1420;
				TargetAttributes = {
					4C54C3EC2A69C54100545269 = {
						CreatedOnToolsVersion = 14.2;
						LastSwiftMigration = 1420;
					};
				};
			};
			buildConfigurationList = 4C54C3E72A69C54100545269 /* Build configuration list for PBXProject "WaasSdk" */;
			compatibilityVersion = "Xcode 14.0";
			developmentRegion = en;
			hasScannedForEncodings = 0;
			knownRegions = (
				en,
				Base,
			);
			mainGroup = 4C54C3E32A69C54100545269;
			productRefGroup = 4C54C3EE2A69C54100545269 /* Products */;
			projectDirPath = "";
			projectRoot = "";
			targets = (
				4C54C3EC2A69C54100545269 /* WaasSdk */,
			);
		};
/* End PBXProject section */

/* Begin PBXResourcesBuildPhase section */
		4C54C3EB2A69C54100545269 /* Resources */ = {
			isa = PBXResourcesBuildPhase;
			buildActionMask = 2147483647;
			files = (
				4C54C40A2A69C58C00545269 /* WaasSdkGo.textClipping in Resources */,
			);
			runOnlyForDeploymentPostprocessing = 0;
		};
/* End PBXResourcesBuildPhase section */

/* Begin PBXShellScriptBuildPhase section */
		DBD26E4A86FB05CFCD41DE1C /* [CP] Check Pods Manifest.lock */ = {
			isa = PBXShellScriptBuildPhase;
			buildActionMask = 2147483647;
			files = (
			);
			inputFileListPaths = (
			);
			inputPaths = (
				"${PODS_PODFILE_DIR_PATH}/Podfile.lock",
				"${PODS_ROOT}/Manifest.lock",
			);
			name = "[CP] Check Pods Manifest.lock";
			outputFileListPaths = (
			);
			outputPaths = (
				"$(DERIVED_FILE_DIR)/Pods-WaasSdk-checkManifestLockResult.txt",
			);
			runOnlyForDeploymentPostprocessing = 0;
			shellPath = /bin/sh;
			shellScript = "diff \"${PODS_PODFILE_DIR_PATH}/Podfile.lock\" \"${PODS_ROOT}/Manifest.lock\" > /dev/null\nif [ $? != 0 ] ; then\n    # print error to STDERR\n    echo \"error: The sandbox is not in sync with the Podfile.lock. Run 'pod install' or update your CocoaPods installation.\" >&2\n    exit 1\nfi\n# This output is used by Xcode 'outputs' to avoid re-running this script phase.\necho \"SUCCESS\" > \"${SCRIPT_OUTPUT_FILE_0}\"\n";
			showEnvVarsInLog = 0;
		};
/* End PBXShellScriptBuildPhase section */

/* Begin PBXSourcesBuildPhase section */
		4C54C3E92A69C54100545269 /* Sources */ = {
			isa = PBXSourcesBuildPhase;
			buildActionMask = 2147483647;
			files = (
				4C54C4072A69C58C00545269 /* MPCWalletService.swift in Sources */,
				4C54C4032A69C58C00545269 /* MPCKeyService.swift in Sources */,
				4C54C4132A69CAED00545269 /* WaasError.swift in Sources */,
				4C54C4082A69C58C00545269 /* MPCSdk.swift in Sources */,
				4C54C40C2A69C7C000545269 /* Gomobile.swift in Sources */,
				4C54C4012A69C58C00545269 /* PoolService.swift in Sources */,
			);
			runOnlyForDeploymentPostprocessing = 0;
		};
/* End PBXSourcesBuildPhase section */

/* Begin XCBuildConfiguration section */
		4C54C3F22A69C54100545269 /* Debug */ = {
			isa = XCBuildConfiguration;
			buildSettings = {
				ALWAYS_SEARCH_USER_PATHS = NO;
				CLANG_ANALYZER_NONNULL = YES;
				CLANG_ANALYZER_NUMBER_OBJECT_CONVERSION = YES_AGGRESSIVE;
				CLANG_CXX_LANGUAGE_STANDARD = "gnu++20";
				CLANG_ENABLE_MODULES = YES;
				CLANG_ENABLE_OBJC_ARC = YES;
				CLANG_ENABLE_OBJC_WEAK = YES;
				CLANG_WARN_BLOCK_CAPTURE_AUTORELEASING = YES;
				CLANG_WARN_BOOL_CONVERSION = YES;
				CLANG_WARN_COMMA = YES;
				CLANG_WARN_CONSTANT_CONVERSION = YES;
				CLANG_WARN_DEPRECATED_OBJC_IMPLEMENTATIONS = YES;
				CLANG_WARN_DIRECT_OBJC_ISA_USAGE = YES_ERROR;
				CLANG_WARN_DOCUMENTATION_COMMENTS = YES;
				CLANG_WARN_EMPTY_BODY = YES;
				CLANG_WARN_ENUM_CONVERSION = YES;
				CLANG_WARN_INFINITE_RECURSION = YES;
				CLANG_WARN_INT_CONVERSION = YES;
				CLANG_WARN_NON_LITERAL_NULL_CONVERSION = YES;
				CLANG_WARN_OBJC_IMPLICIT_RETAIN_SELF = YES;
				CLANG_WARN_OBJC_LITERAL_CONVERSION = YES;
				CLANG_WARN_OBJC_ROOT_CLASS = YES_ERROR;
				CLANG_WARN_QUOTED_INCLUDE_IN_FRAMEWORK_HEADER = YES;
				CLANG_WARN_RANGE_LOOP_ANALYSIS = YES;
				CLANG_WARN_STRICT_PROTOTYPES = YES;
				CLANG_WARN_SUSPICIOUS_MOVE = YES;
				CLANG_WARN_UNGUARDED_AVAILABILITY = YES_AGGRESSIVE;
				CLANG_WARN_UNREACHABLE_CODE = YES;
				CLANG_WARN__DUPLICATE_METHOD_MATCH = YES;
				COPY_PHASE_STRIP = NO;
				CURRENT_PROJECT_VERSION = 1;
				DEBUG_INFORMATION_FORMAT = dwarf;
				ENABLE_STRICT_OBJC_MSGSEND = YES;
				ENABLE_TESTABILITY = YES;
				GCC_C_LANGUAGE_STANDARD = gnu11;
				GCC_DYNAMIC_NO_PIC = NO;
				GCC_NO_COMMON_BLOCKS = YES;
				GCC_OPTIMIZATION_LEVEL = 0;
				GCC_PREPROCESSOR_DEFINITIONS = (
					"DEBUG=1",
					"$(inherited)",
				);
				GCC_WARN_64_TO_32_BIT_CONVERSION = YES;
				GCC_WARN_ABOUT_RETURN_TYPE = YES_ERROR;
				GCC_WARN_UNDECLARED_SELECTOR = YES;
				GCC_WARN_UNINITIALIZED_AUTOS = YES_AGGRESSIVE;
				GCC_WARN_UNUSED_FUNCTION = YES;
				GCC_WARN_UNUSED_VARIABLE = YES;
				IPHONEOS_DEPLOYMENT_TARGET = 16.2;
				MTL_ENABLE_DEBUG_INFO = INCLUDE_SOURCE;
				MTL_FAST_MATH = YES;
				ONLY_ACTIVE_ARCH = YES;
				SDKROOT = iphoneos;
				SWIFT_ACTIVE_COMPILATION_CONDITIONS = DEBUG;
				SWIFT_OPTIMIZATION_LEVEL = "-Onone";
				VERSIONING_SYSTEM = "apple-generic";
				VERSION_INFO_PREFIX = "";
			};
			name = Debug;
		};
		4C54C3F32A69C54100545269 /* Release */ = {
			isa = XCBuildConfiguration;
			buildSettings = {
				ALWAYS_SEARCH_USER_PATHS = NO;
				CLANG_ANALYZER_NONNULL = YES;
				CLANG_ANALYZER_NUMBER_OBJECT_CONVERSION = YES_AGGRESSIVE;
				CLANG_CXX_LANGUAGE_STANDARD = "gnu++20";
				CLANG_ENABLE_MODULES = YES;
				CLANG_ENABLE_OBJC_ARC = YES;
				CLANG_ENABLE_OBJC_WEAK = YES;
				CLANG_WARN_BLOCK_CAPTURE_AUTORELEASING = YES;
				CLANG_WARN_BOOL_CONVERSION = YES;
				CLANG_WARN_COMMA = YES;
				CLANG_WARN_CONSTANT_CONVERSION = YES;
				CLANG_WARN_DEPRECATED_OBJC_IMPLEMENTATIONS = YES;
				CLANG_WARN_DIRECT_OBJC_ISA_USAGE = YES_ERROR;
				CLANG_WARN_DOCUMENTATION_COMMENTS = YES;
				CLANG_WARN_EMPTY_BODY = YES;
				CLANG_WARN_ENUM_CONVERSION = YES;
				CLANG_WARN_INFINITE_RECURSION = YES;
				CLANG_WARN_INT_CONVERSION = YES;
				CLANG_WARN_NON_LITERAL_NULL_CONVERSION = YES;
				CLANG_WARN_OBJC_IMPLICIT_RETAIN_SELF = YES;
				CLANG_WARN_OBJC_LITERAL_CONVERSION = YES;
				CLANG_WARN_OBJC_ROOT_CLASS = YES_ERROR;
				CLANG_WARN_QUOTED_INCLUDE_IN_FRAMEWORK_HEADER = YES;
				CLANG_WARN_RANGE_LOOP_ANALYSIS = YES;
				CLANG_WARN_STRICT_PROTOTYPES = YES;
				CLANG_WARN_SUSPICIOUS_MOVE = YES;
				CLANG_WARN_UNGUARDED_AVAILABILITY = YES_AGGRESSIVE;
				CLANG_WARN_UNREACHABLE_CODE = YES;
				CLANG_WARN__DUPLICATE_METHOD_MATCH = YES;
				COPY_PHASE_STRIP = NO;
				CURRENT_PROJECT_VERSION = 1;
				DEBUG_INFORMATION_FORMAT = "dwarf-with-dsym";
				ENABLE_NS_ASSERTIONS = NO;
				ENABLE_STRICT_OBJC_MSGSEND = YES;
				GCC_C_LANGUAGE_STANDARD = gnu11;
				GCC_NO_COMMON_BLOCKS = YES;
				GCC_WARN_64_TO_32_BIT_CONVERSION = YES;
				GCC_WARN_ABOUT_RETURN_TYPE = YES_ERROR;
				GCC_WARN_UNDECLARED_SELECTOR = YES;
				GCC_WARN_UNINITIALIZED_AUTOS = YES_AGGRESSIVE;
				GCC_WARN_UNUSED_FUNCTION = YES;
				GCC_WARN_UNUSED_VARIABLE = YES;
				IPHONEOS_DEPLOYMENT_TARGET = 16.2;
				MTL_ENABLE_DEBUG_INFO = NO;
				MTL_FAST_MATH = YES;
				SDKROOT = iphoneos;
				SWIFT_COMPILATION_MODE = wholemodule;
				SWIFT_OPTIMIZATION_LEVEL = "-O";
				VALIDATE_PRODUCT = YES;
				VERSIONING_SYSTEM = "apple-generic";
				VERSION_INFO_PREFIX = "";
			};
			name = Release;
		};
		4C54C3F52A69C54100545269 /* Debug */ = {
			isa = XCBuildConfiguration;
			baseConfigurationReference = 386707A6D40185B633E9750A /* Pods-WaasSdk.debug.xcconfig */;
			buildSettings = {
				CLANG_ENABLE_MODULES = YES;
				CODE_SIGN_STYLE = Automatic;
				CURRENT_PROJECT_VERSION = 1;
				DEFINES_MODULE = YES;
				DYLIB_COMPATIBILITY_VERSION = 1;
				DYLIB_CURRENT_VERSION = 1;
				DYLIB_INSTALL_NAME_BASE = "@rpath";
				GENERATE_INFOPLIST_FILE = YES;
				INFOPLIST_KEY_NSHumanReadableCopyright = "";
				INSTALL_PATH = "$(LOCAL_LIBRARY_DIR)/Frameworks";
				LD_RUNPATH_SEARCH_PATHS = (
					"$(inherited)",
					"@executable_path/Frameworks",
					"@loader_path/Frameworks",
				);
				MARKETING_VERSION = 1.0;
				PRODUCT_BUNDLE_IDENTIFIER = com.coinbase.WaasSdk;
				PRODUCT_NAME = "$(TARGET_NAME:c99extidentifier)";
				SKIP_INSTALL = YES;
				SUPPORTED_PLATFORMS = "iphoneos iphonesimulator";
				SUPPORTS_MACCATALYST = NO;
				SUPPORTS_MAC_DESIGNED_FOR_IPHONE_IPAD = NO;
				SWIFT_EMIT_LOC_STRINGS = YES;
				SWIFT_OPTIMIZATION_LEVEL = "-Onone";
				SWIFT_VERSION = 5.0;
				TARGETED_DEVICE_FAMILY = 1;
			};
			name = Debug;
		};
		4C54C3F62A69C54100545269 /* Release */ = {
			isa = XCBuildConfiguration;
			baseConfigurationReference = 13B4F7ECE157014B11CEA0FA /* Pods-WaasSdk.release.xcconfig */;
			buildSettings = {
				CLANG_ENABLE_MODULES = YES;
				CODE_SIGN_STYLE = Automatic;
				CURRENT_PROJECT_VERSION = 1;
				DEFINES_MODULE = YES;
				DYLIB_COMPATIBILITY_VERSION = 1;
				DYLIB_CURRENT_VERSION = 1;
				DYLIB_INSTALL_NAME_BASE = "@rpath";
				GENERATE_INFOPLIST_FILE = YES;
				INFOPLIST_KEY_NSHumanReadableCopyright = "";
				INSTALL_PATH = "$(LOCAL_LIBRARY_DIR)/Frameworks";
				LD_RUNPATH_SEARCH_PATHS = (
					"$(inherited)",
					"@executable_path/Frameworks",
					"@loader_path/Frameworks",
				);
				MARKETING_VERSION = 1.0;
				PRODUCT_BUNDLE_IDENTIFIER = com.coinbase.WaasSdk;
				PRODUCT_NAME = "$(TARGET_NAME:c99extidentifier)";
				SKIP_INSTALL = YES;
				SUPPORTED_PLATFORMS = "iphoneos iphonesimulator";
				SUPPORTS_MACCATALYST = NO;
				SUPPORTS_MAC_DESIGNED_FOR_IPHONE_IPAD = NO;
				SWIFT_EMIT_LOC_STRINGS = YES;
				SWIFT_VERSION = 5.0;
				TARGETED_DEVICE_FAMILY = 1;
			};
			name = Release;
		};
/* End XCBuildConfiguration section */

/* Begin XCConfigurationList section */
		4C54C3E72A69C54100545269 /* Build configuration list for PBXProject "WaasSdk" */ = {
			isa = XCConfigurationList;
			buildConfigurations = (
				4C54C3F22A69C54100545269 /* Debug */,
				4C54C3F32A69C54100545269 /* Release */,
			);
			defaultConfigurationIsVisible = 0;
			defaultConfigurationName = Release;
		};
		4C54C3F42A69C54100545269 /* Build configuration list for PBXNativeTarget "WaasSdk" */ = {
			isa = XCConfigurationList;
			buildConfigurations = (
				4C54C3F52A69C54100545269 /* Debug */,
				4C54C3F62A69C54100545269 /* Release */,
			);
			defaultConfigurationIsVisible = 0;
			defaultConfigurationName = Release;
		};
/* End XCConfigurationList section */
	};
	rootObject = 4C54C3E42A69C54100545269 /* Project object */;
}
