PODS:
  - waas-sdk (0.0.1)

DEPENDENCIES:
  - waas-sdk (from `../../waas-sdk.podspec`)

EXTERNAL SOURCES:
  waas-sdk:
    :path: "../../waas-sdk.podspec"

SPEC CHECKSUMS:
  waas-sdk: e45ab8ecd9d4980dfbf8e4c5bfc017f139699591

PODFILE CHECKSUM: 39166cf291b346907050d4e003a063f91f8e3076

COCOAPODS: 1.12.0
