PODS:
  - React-Core (0.1.0)
  - WaasSdk (0.0.1)

DEPENDENCIES:
  - React-Core
  - WaasSdk (from `../../WaasSdk.podspec`)

SPEC REPOS:
  trunk:
    - React-Core

EXTERNAL SOURCES:
  WaasSdk:
    :path: "../../WaasSdk.podspec"

SPEC CHECKSUMS:
  React-Core: c89e140a0ac23ed77a6094fe25d005e9c72e03b0
  WaasSdk: d274a50925292ce487de10cb83fc799f60d192ed

PODFILE CHECKSUM: 560af9920caa8bd826bedca213fc68123f5d4b40

COCOAPODS: 1.12.0
