PODS:
  - WaasSdk (0.0.1)

DEPENDENCIES:
  - WaasSdk (from `../../../WaasSdk.podspec`)

EXTERNAL SOURCES:
  WaasSdk:
    :path: "../../../WaasSdk.podspec"

SPEC CHECKSUMS:
  WaasSdk: dd418dbaf90d3476d378761f53c49b6d43199823

PODFILE CHECKSUM: f821f0058a15dc9180036297267bb378bed524bf

COCOAPODS: 1.12.0
