PODS:
  - WaasSdk (0.0.1)

DEPENDENCIES:
  - WaasSdk (from `../../../WaasSdk.podspec`)

EXTERNAL SOURCES:
  WaasSdk:
    :path: "../../../WaasSdk.podspec"

SPEC CHECKSUMS:
  WaasSdk: 53bcb83b04d82c49f9a80ae4aa4dc1a52be24f30

PODFILE CHECKSUM: f821f0058a15dc9180036297267bb378bed524bf

COCOAPODS: 1.12.0
