PODS:
  - WaasSdk (0.0.1)

DEPENDENCIES:
  - WaasSdk (from `../../../WaasSdk.podspec`)

EXTERNAL SOURCES:
  WaasSdk:
    :path: "../../../WaasSdk.podspec"

SPEC CHECKSUMS:
  WaasSdk: 3b56a5a526e5b49feb1fdb47facace999f115856

PODFILE CHECKSUM: dc2565b0f0b0bbf18b06431952973b74dd2a5b66

COCOAPODS: 1.12.0
